
Microsoft Visual Studio Solution File, Format Version 12.00
# Visual Studio Version 16
VisualStudioVersion = 16.0.31112.23
MinimumVisualStudioVersion = 10.0.40219.1
Project("{9A19103F-16F7-4668-BE54-9A1E7A4F7556}") = "ApiGateway", "ApiGateway\ApiGateway.csproj", "{3C59569B-8831-42B4-9A3F-E71127B7E441}"
EndProject
Project("{9A19103F-16F7-4668-BE54-9A1E7A4F7556}") = "ServiceA", "ServiceA\ServiceA.csproj", "{7659B042-663F-4D77-87ED-ECB7AE472BF8}"
EndProject
Project("{9A19103F-16F7-4668-BE54-9A1E7A4F7556}") = "ServiceB", "ServiceB\ServiceB.csproj", "{C4EC51E1-40DF-4764-900F-C239AF91CF0E}"
EndProject
Project("{9A19103F-16F7-4668-BE54-9A1E7A4F7556}") = "ExceptionLogService", "ExceptionLogService\ExceptionLogService.csproj", "{887438F7-578B-4F7A-86EA-494217983744}"
EndProject
Project("{FAE04EC0-301F-11D3-BF4B-00C04F79EFBC}") = "ExlogWorkerService", "ExlogWorkerService\ExlogWorkerService.csproj", "{D2D85FB0-5758-498B-A437-6D3CBF961DF8}"
EndProject
Global
	GlobalSection(SolutionConfigurationPlatforms) = preSolution
		Debug|Any CPU = Debug|Any CPU
		Release|Any CPU = Release|Any CPU
	EndGlobalSection
	GlobalSection(ProjectConfigurationPlatforms) = postSolution
		{3C59569B-8831-42B4-9A3F-E71127B7E441}.Debug|Any CPU.ActiveCfg = Debug|Any CPU
		{3C59569B-8831-42B4-9A3F-E71127B7E441}.Debug|Any CPU.Build.0 = Debug|Any CPU
		{3C59569B-8831-42B4-9A3F-E71127B7E441}.Release|Any CPU.ActiveCfg = Release|Any CPU
		{3C59569B-8831-42B4-9A3F-E71127B7E441}.Release|Any CPU.Build.0 = Release|Any CPU
		{7659B042-663F-4D77-87ED-ECB7AE472BF8}.Debug|Any CPU.ActiveCfg = Debug|Any CPU
		{7659B042-663F-4D77-87ED-ECB7AE472BF8}.Debug|Any CPU.Build.0 = Debug|Any CPU
		{7659B042-663F-4D77-87ED-ECB7AE472BF8}.Release|Any CPU.ActiveCfg = Release|Any CPU
		{7659B042-663F-4D77-87ED-ECB7AE472BF8}.Release|Any CPU.Build.0 = Release|Any CPU
		{C4EC51E1-40DF-4764-900F-C239AF91CF0E}.Debug|Any CPU.ActiveCfg = Debug|Any CPU
		{C4EC51E1-40DF-4764-900F-C239AF91CF0E}.Debug|Any CPU.Build.0 = Debug|Any CPU
		{C4EC51E1-40DF-4764-900F-C239AF91CF0E}.Release|Any CPU.ActiveCfg = Release|Any CPU
		{C4EC51E1-40DF-4764-900F-C239AF91CF0E}.Release|Any CPU.Build.0 = Release|Any CPU
		{887438F7-578B-4F7A-86EA-494217983744}.Debug|Any CPU.ActiveCfg = Debug|Any CPU
		{887438F7-578B-4F7A-86EA-494217983744}.Debug|Any CPU.Build.0 = Debug|Any CPU
		{887438F7-578B-4F7A-86EA-494217983744}.Release|Any CPU.ActiveCfg = Release|Any CPU
		{887438F7-578B-4F7A-86EA-494217983744}.Release|Any CPU.Build.0 = Release|Any CPU
		{D2D85FB0-5758-498B-A437-6D3CBF961DF8}.Debug|Any CPU.ActiveCfg = Debug|Any CPU
		{D2D85FB0-5758-498B-A437-6D3CBF961DF8}.Debug|Any CPU.Build.0 = Debug|Any CPU
		{D2D85FB0-5758-498B-A437-6D3CBF961DF8}.Release|Any CPU.ActiveCfg = Release|Any CPU
		{D2D85FB0-5758-498B-A437-6D3CBF961DF8}.Release|Any CPU.Build.0 = Release|Any CPU
	EndGlobalSection
	GlobalSection(SolutionProperties) = preSolution
		HideSolutionNode = FALSE
	EndGlobalSection
	GlobalSection(ExtensibilityGlobals) = postSolution
		SolutionGuid = {9017B2BF-F668-4F1E-8860-61C3BE7833F9}
	EndGlobalSection
EndGlobal
